
Microsoft Visual Studio Solution File, Format Version 12.00
# Visual Studio Version 17
VisualStudioVersion = 17.9.34723.18
MinimumVisualStudioVersion = 10.0.40219.1
Project("{9A19103F-16F7-4668-BE54-9A1E7A4F7556}") = "CarDealer", "car-selling\CarDealer.csproj", "{6E3A3523-8897-4242-B1E4-0A65E59F97DA}"
EndProject
Global
	GlobalSection(SolutionConfigurationPlatforms) = preSolution
		Debug|Any CPU = Debug|Any CPU
		Release|Any CPU = Release|Any CPU
	EndGlobalSection
	GlobalSection(ProjectConfigurationPlatforms) = postSolution
		{6E3A3523-8897-4242-B1E4-0A65E59F97DA}.Debug|Any CPU.ActiveCfg = Debug|Any CPU
		{6E3A3523-8897-4242-B1E4-0A65E59F97DA}.Debug|Any CPU.Build.0 = Debug|Any CPU
		{6E3A3523-8897-4242-B1E4-0A65E59F97DA}.Release|Any CPU.ActiveCfg = Release|Any CPU
		{6E3A3523-8897-4242-B1E4-0A65E59F97DA}.Release|Any CPU.Build.0 = Release|Any CPU
	EndGlobalSection
	GlobalSection(SolutionProperties) = preSolution
		HideSolutionNode = FALSE
	EndGlobalSection
	GlobalSection(ExtensibilityGlobals) = postSolution
		SolutionGuid = {B325DD23-FB86-4D0A-9D0A-0EC1520C69B1}
	EndGlobalSection
EndGlobal
